
Microsoft Visual Studio Solution File, Format Version 12.00
# Visual Studio Version 17
VisualStudioVersion = 17.6.33712.159
MinimumVisualStudioVersion = 10.0.40219.1
Project("{FAE04EC0-301F-11D3-BF4B-00C04F79EFBC}") = "Yurt Sistemi", "Yurt Sistemi\Yurt Sistemi.csproj", "{D4EB09AC-8412-4AD7-8007-0558AA9ACB3B}"
EndProject
Global
	GlobalSection(SolutionConfigurationPlatforms) = preSolution
		Debug|Any CPU = Debug|Any CPU
		Release|Any CPU = Release|Any CPU
	EndGlobalSection
	GlobalSection(ProjectConfigurationPlatforms) = postSolution
		{D4EB09AC-8412-4AD7-8007-0558AA9ACB3B}.Debug|Any CPU.ActiveCfg = Debug|Any CPU
		{D4EB09AC-8412-4AD7-8007-0558AA9ACB3B}.Debug|Any CPU.Build.0 = Debug|Any CPU
		{D4EB09AC-8412-4AD7-8007-0558AA9ACB3B}.Release|Any CPU.ActiveCfg = Release|Any CPU
		{D4EB09AC-8412-4AD7-8007-0558AA9ACB3B}.Release|Any CPU.Build.0 = Release|Any CPU
	EndGlobalSection
	GlobalSection(SolutionProperties) = preSolution
		HideSolutionNode = FALSE
	EndGlobalSection
	GlobalSection(ExtensibilityGlobals) = postSolution
		SolutionGuid = {D426C07A-B11C-4B6D-BDF2-7A68A3660A38}
	EndGlobalSection
EndGlobal
